
Microsoft Visual Studio Solution File, Format Version 12.00
# Visual Studio Version 17
VisualStudioVersion = 17.1.32210.238
MinimumVisualStudioVersion = 10.0.40219.1
Project("{FAE04EC0-301F-11D3-BF4B-00C04F79EFBC}") = "InGameText-PC", "InGameText-PC\InGameText-PC.csproj", "{69193FA6-11BA-45E7-B936-8978D163FC44}"
EndProject
Global
	GlobalSection(SolutionConfigurationPlatforms) = preSolution
		Debug|Any CPU = Debug|Any CPU
		Release|Any CPU = Release|Any CPU
	EndGlobalSection
	GlobalSection(ProjectConfigurationPlatforms) = postSolution
		{69193FA6-11BA-45E7-B936-8978D163FC44}.Debug|Any CPU.ActiveCfg = Debug|Any CPU
		{69193FA6-11BA-45E7-B936-8978D163FC44}.Debug|Any CPU.Build.0 = Debug|Any CPU
		{69193FA6-11BA-45E7-B936-8978D163FC44}.Release|Any CPU.ActiveCfg = Release|Any CPU
		{69193FA6-11BA-45E7-B936-8978D163FC44}.Release|Any CPU.Build.0 = Release|Any CPU
	EndGlobalSection
	GlobalSection(SolutionProperties) = preSolution
		HideSolutionNode = FALSE
	EndGlobalSection
	GlobalSection(ExtensibilityGlobals) = postSolution
		SolutionGuid = {F38A0520-3B1C-4131-A581-02CEFD098BA2}
	EndGlobalSection
EndGlobal
